
Microsoft Visual Studio Solution File, Format Version 12.00
# Visual Studio 15
VisualStudioVersion = 15.0.28307.421
MinimumVisualStudioVersion = 10.0.40219.1
Project("{FAE04EC0-301F-11D3-BF4B-00C04F79EFBC}") = "ATM", "ATM\ATM.csproj", "{799DC4DB-33AB-4409-A2B6-F0AF2DD0716C}"
EndProject
Project("{FAE04EC0-301F-11D3-BF4B-00C04F79EFBC}") = "XUnitTestProject1", "XUnitTestProject1\XUnitTestProject1.csproj", "{9DE2C98E-16F0-488D-A44B-D7BD01B3C8A0}"
EndProject
Global
	GlobalSection(SolutionConfigurationPlatforms) = preSolution
		Debug|Any CPU = Debug|Any CPU
		Release|Any CPU = Release|Any CPU
	EndGlobalSection
	GlobalSection(ProjectConfigurationPlatforms) = postSolution
		{799DC4DB-33AB-4409-A2B6-F0AF2DD0716C}.Debug|Any CPU.ActiveCfg = Debug|Any CPU
		{799DC4DB-33AB-4409-A2B6-F0AF2DD0716C}.Debug|Any CPU.Build.0 = Debug|Any CPU
		{799DC4DB-33AB-4409-A2B6-F0AF2DD0716C}.Release|Any CPU.ActiveCfg = Release|Any CPU
		{799DC4DB-33AB-4409-A2B6-F0AF2DD0716C}.Release|Any CPU.Build.0 = Release|Any CPU
		{9DE2C98E-16F0-488D-A44B-D7BD01B3C8A0}.Debug|Any CPU.ActiveCfg = Debug|Any CPU
		{9DE2C98E-16F0-488D-A44B-D7BD01B3C8A0}.Debug|Any CPU.Build.0 = Debug|Any CPU
		{9DE2C98E-16F0-488D-A44B-D7BD01B3C8A0}.Release|Any CPU.ActiveCfg = Release|Any CPU
		{9DE2C98E-16F0-488D-A44B-D7BD01B3C8A0}.Release|Any CPU.Build.0 = Release|Any CPU
	EndGlobalSection
	GlobalSection(SolutionProperties) = preSolution
		HideSolutionNode = FALSE
	EndGlobalSection
	GlobalSection(ExtensibilityGlobals) = postSolution
		SolutionGuid = {B3C33099-0656-49CD-B289-5E16BC7A5052}
	EndGlobalSection
EndGlobal
